
Microsoft Visual Studio Solution File, Format Version 12.00
# Visual Studio Version 16
VisualStudioVersion = 16.0.31229.75
MinimumVisualStudioVersion = 10.0.40219.1
Project("{FAE04EC0-301F-11D3-BF4B-00C04F79EFBC}") = "01_Clock", "01_Clock\01_Clock.csproj", "{8ED8C7F9-8869-4C67-9392-576497E7A103}"
EndProject
Project("{FAE04EC0-301F-11D3-BF4B-00C04F79EFBC}") = "02_MultiplicationTable", "02_MultiplicationTable\02_MultiplicationTable.csproj", "{92D9FBEF-F501-4573-BB0E-56096BB7696B}"
EndProject
Project("{FAE04EC0-301F-11D3-BF4B-00C04F79EFBC}") = "03_Combinations", "03_Combinations\03_Combinations.csproj", "{2A38DB2B-43C5-4DB6-9FB1-02626AFE5480}"
EndProject
Project("{FAE04EC0-301F-11D3-BF4B-00C04F79EFBC}") = "04_SumOfTwoNumbers", "04_SumOfTwoNumbers\04_SumOfTwoNumbers.csproj", "{62FE0681-BBC1-45C2-B94D-602FFDDDE50A}"
EndProject
Project("{FAE04EC0-301F-11D3-BF4B-00C04F79EFBC}") = "05_Travelling", "05_Travelling\05_Travelling.csproj", "{D30EFDFE-DABB-4972-AD5F-CC61E9275C93}"
EndProject
Project("{FAE04EC0-301F-11D3-BF4B-00C04F79EFBC}") = "06_Building", "06_Building\06_Building.csproj", "{347ED1EC-AD7F-4DF7-9E3B-400C2F48FFB5}"
EndProject
Project("{FAE04EC0-301F-11D3-BF4B-00C04F79EFBC}") = "07_CinemaTickets", "07_CinemaTickets\07_CinemaTickets.csproj", "{936098E6-38CF-4E17-8B7B-C38B97A45A60}"
EndProject
Global
	GlobalSection(SolutionConfigurationPlatforms) = preSolution
		Debug|Any CPU = Debug|Any CPU
		Release|Any CPU = Release|Any CPU
	EndGlobalSection
	GlobalSection(ProjectConfigurationPlatforms) = postSolution
		{8ED8C7F9-8869-4C67-9392-576497E7A103}.Debug|Any CPU.ActiveCfg = Debug|Any CPU
		{8ED8C7F9-8869-4C67-9392-576497E7A103}.Debug|Any CPU.Build.0 = Debug|Any CPU
		{8ED8C7F9-8869-4C67-9392-576497E7A103}.Release|Any CPU.ActiveCfg = Release|Any CPU
		{8ED8C7F9-8869-4C67-9392-576497E7A103}.Release|Any CPU.Build.0 = Release|Any CPU
		{92D9FBEF-F501-4573-BB0E-56096BB7696B}.Debug|Any CPU.ActiveCfg = Debug|Any CPU
		{92D9FBEF-F501-4573-BB0E-56096BB7696B}.Debug|Any CPU.Build.0 = Debug|Any CPU
		{92D9FBEF-F501-4573-BB0E-56096BB7696B}.Release|Any CPU.ActiveCfg = Release|Any CPU
		{92D9FBEF-F501-4573-BB0E-56096BB7696B}.Release|Any CPU.Build.0 = Release|Any CPU
		{2A38DB2B-43C5-4DB6-9FB1-02626AFE5480}.Debug|Any CPU.ActiveCfg = Debug|Any CPU
		{2A38DB2B-43C5-4DB6-9FB1-02626AFE5480}.Debug|Any CPU.Build.0 = Debug|Any CPU
		{2A38DB2B-43C5-4DB6-9FB1-02626AFE5480}.Release|Any CPU.ActiveCfg = Release|Any CPU
		{2A38DB2B-43C5-4DB6-9FB1-02626AFE5480}.Release|Any CPU.Build.0 = Release|Any CPU
		{62FE0681-BBC1-45C2-B94D-602FFDDDE50A}.Debug|Any CPU.ActiveCfg = Debug|Any CPU
		{62FE0681-BBC1-45C2-B94D-602FFDDDE50A}.Debug|Any CPU.Build.0 = Debug|Any CPU
		{62FE0681-BBC1-45C2-B94D-602FFDDDE50A}.Release|Any CPU.ActiveCfg = Release|Any CPU
		{62FE0681-BBC1-45C2-B94D-602FFDDDE50A}.Release|Any CPU.Build.0 = Release|Any CPU
		{D30EFDFE-DABB-4972-AD5F-CC61E9275C93}.Debug|Any CPU.ActiveCfg = Debug|Any CPU
		{D30EFDFE-DABB-4972-AD5F-CC61E9275C93}.Debug|Any CPU.Build.0 = Debug|Any CPU
		{D30EFDFE-DABB-4972-AD5F-CC61E9275C93}.Release|Any CPU.ActiveCfg = Release|Any CPU
		{D30EFDFE-DABB-4972-AD5F-CC61E9275C93}.Release|Any CPU.Build.0 = Release|Any CPU
		{347ED1EC-AD7F-4DF7-9E3B-400C2F48FFB5}.Debug|Any CPU.ActiveCfg = Debug|Any CPU
		{347ED1EC-AD7F-4DF7-9E3B-400C2F48FFB5}.Debug|Any CPU.Build.0 = Debug|Any CPU
		{347ED1EC-AD7F-4DF7-9E3B-400C2F48FFB5}.Release|Any CPU.ActiveCfg = Release|Any CPU
		{347ED1EC-AD7F-4DF7-9E3B-400C2F48FFB5}.Release|Any CPU.Build.0 = Release|Any CPU
		{936098E6-38CF-4E17-8B7B-C38B97A45A60}.Debug|Any CPU.ActiveCfg = Debug|Any CPU
		{936098E6-38CF-4E17-8B7B-C38B97A45A60}.Debug|Any CPU.Build.0 = Debug|Any CPU
		{936098E6-38CF-4E17-8B7B-C38B97A45A60}.Release|Any CPU.ActiveCfg = Release|Any CPU
		{936098E6-38CF-4E17-8B7B-C38B97A45A60}.Release|Any CPU.Build.0 = Release|Any CPU
	EndGlobalSection
	GlobalSection(SolutionProperties) = preSolution
		HideSolutionNode = FALSE
	EndGlobalSection
	GlobalSection(ExtensibilityGlobals) = postSolution
		SolutionGuid = {0EA626B4-74B0-4A50-AD6A-C928F9B22655}
	EndGlobalSection
EndGlobal
