
Microsoft Visual Studio Solution File, Format Version 12.00
# Visual Studio Version 16
VisualStudioVersion = 16.0.31229.75
MinimumVisualStudioVersion = 10.0.40219.1
Project("{FAE04EC0-301F-11D3-BF4B-00C04F79EFBC}") = "01_Cinema", "01_Cinema\01_Cinema.csproj", "{FE8DF5D3-A949-4684-BC4B-A5CE90EFCA42}"
EndProject
Project("{FAE04EC0-301F-11D3-BF4B-00C04F79EFBC}") = "02_SummerOutfit", "02_SummerOutfit\02_SummerOutfit.csproj", "{72750349-A57C-42B1-8B42-112A38A08B11}"
EndProject
Project("{FAE04EC0-301F-11D3-BF4B-00C04F79EFBC}") = "03_NewHouse", "03_NewHouse\03_NewHouse.csproj", "{D50F37F0-C3E4-4A18-A123-3971E6B76F57}"
EndProject
Project("{FAE04EC0-301F-11D3-BF4B-00C04F79EFBC}") = "04_FishingBoat", "04_FishingBoat\04_FishingBoat.csproj", "{4E9E1F7B-2DA5-463A-AC10-0CD4A8A01815}"
EndProject
Project("{FAE04EC0-301F-11D3-BF4B-00C04F79EFBC}") = "05_Journey", "05_Journey\05_Journey.csproj", "{A974A801-DE97-40F8-970C-BB3418E72F4C}"
EndProject
Project("{FAE04EC0-301F-11D3-BF4B-00C04F79EFBC}") = "06_OperationsBetweenNumbers", "06_OperationsBetweenNumbers\06_OperationsBetweenNumbers.csproj", "{3A49CBF4-2A6A-436D-BA61-B9323578C7EF}"
EndProject
Project("{FAE04EC0-301F-11D3-BF4B-00C04F79EFBC}") = "07_HotelRoom", "07_HotelRoom\07_HotelRoom.csproj", "{856CF7D3-EFC5-4AF3-B4C4-8A461A54B87A}"
EndProject
Project("{FAE04EC0-301F-11D3-BF4B-00C04F79EFBC}") = "08_OnTimeForTheExam", "08_OnTimeForTheExam\08_OnTimeForTheExam.csproj", "{31FC38F4-230D-49D2-AD08-BE3DBFB4212F}"
EndProject
Project("{FAE04EC0-301F-11D3-BF4B-00C04F79EFBC}") = "9_Volleyball", "9_Volleyball\9_Volleyball.csproj", "{238DB32A-E347-4773-8AB7-D854BC593CA7}"
EndProject
Global
	GlobalSection(SolutionConfigurationPlatforms) = preSolution
		Debug|Any CPU = Debug|Any CPU
		Release|Any CPU = Release|Any CPU
	EndGlobalSection
	GlobalSection(ProjectConfigurationPlatforms) = postSolution
		{FE8DF5D3-A949-4684-BC4B-A5CE90EFCA42}.Debug|Any CPU.ActiveCfg = Debug|Any CPU
		{FE8DF5D3-A949-4684-BC4B-A5CE90EFCA42}.Debug|Any CPU.Build.0 = Debug|Any CPU
		{FE8DF5D3-A949-4684-BC4B-A5CE90EFCA42}.Release|Any CPU.ActiveCfg = Release|Any CPU
		{FE8DF5D3-A949-4684-BC4B-A5CE90EFCA42}.Release|Any CPU.Build.0 = Release|Any CPU
		{72750349-A57C-42B1-8B42-112A38A08B11}.Debug|Any CPU.ActiveCfg = Debug|Any CPU
		{72750349-A57C-42B1-8B42-112A38A08B11}.Debug|Any CPU.Build.0 = Debug|Any CPU
		{72750349-A57C-42B1-8B42-112A38A08B11}.Release|Any CPU.ActiveCfg = Release|Any CPU
		{72750349-A57C-42B1-8B42-112A38A08B11}.Release|Any CPU.Build.0 = Release|Any CPU
		{D50F37F0-C3E4-4A18-A123-3971E6B76F57}.Debug|Any CPU.ActiveCfg = Debug|Any CPU
		{D50F37F0-C3E4-4A18-A123-3971E6B76F57}.Debug|Any CPU.Build.0 = Debug|Any CPU
		{D50F37F0-C3E4-4A18-A123-3971E6B76F57}.Release|Any CPU.ActiveCfg = Release|Any CPU
		{D50F37F0-C3E4-4A18-A123-3971E6B76F57}.Release|Any CPU.Build.0 = Release|Any CPU
		{4E9E1F7B-2DA5-463A-AC10-0CD4A8A01815}.Debug|Any CPU.ActiveCfg = Debug|Any CPU
		{4E9E1F7B-2DA5-463A-AC10-0CD4A8A01815}.Debug|Any CPU.Build.0 = Debug|Any CPU
		{4E9E1F7B-2DA5-463A-AC10-0CD4A8A01815}.Release|Any CPU.ActiveCfg = Release|Any CPU
		{4E9E1F7B-2DA5-463A-AC10-0CD4A8A01815}.Release|Any CPU.Build.0 = Release|Any CPU
		{A974A801-DE97-40F8-970C-BB3418E72F4C}.Debug|Any CPU.ActiveCfg = Debug|Any CPU
		{A974A801-DE97-40F8-970C-BB3418E72F4C}.Debug|Any CPU.Build.0 = Debug|Any CPU
		{A974A801-DE97-40F8-970C-BB3418E72F4C}.Release|Any CPU.ActiveCfg = Release|Any CPU
		{A974A801-DE97-40F8-970C-BB3418E72F4C}.Release|Any CPU.Build.0 = Release|Any CPU
		{3A49CBF4-2A6A-436D-BA61-B9323578C7EF}.Debug|Any CPU.ActiveCfg = Debug|Any CPU
		{3A49CBF4-2A6A-436D-BA61-B9323578C7EF}.Debug|Any CPU.Build.0 = Debug|Any CPU
		{3A49CBF4-2A6A-436D-BA61-B9323578C7EF}.Release|Any CPU.ActiveCfg = Release|Any CPU
		{3A49CBF4-2A6A-436D-BA61-B9323578C7EF}.Release|Any CPU.Build.0 = Release|Any CPU
		{856CF7D3-EFC5-4AF3-B4C4-8A461A54B87A}.Debug|Any CPU.ActiveCfg = Debug|Any CPU
		{856CF7D3-EFC5-4AF3-B4C4-8A461A54B87A}.Debug|Any CPU.Build.0 = Debug|Any CPU
		{856CF7D3-EFC5-4AF3-B4C4-8A461A54B87A}.Release|Any CPU.ActiveCfg = Release|Any CPU
		{856CF7D3-EFC5-4AF3-B4C4-8A461A54B87A}.Release|Any CPU.Build.0 = Release|Any CPU
		{31FC38F4-230D-49D2-AD08-BE3DBFB4212F}.Debug|Any CPU.ActiveCfg = Debug|Any CPU
		{31FC38F4-230D-49D2-AD08-BE3DBFB4212F}.Debug|Any CPU.Build.0 = Debug|Any CPU
		{31FC38F4-230D-49D2-AD08-BE3DBFB4212F}.Release|Any CPU.ActiveCfg = Release|Any CPU
		{31FC38F4-230D-49D2-AD08-BE3DBFB4212F}.Release|Any CPU.Build.0 = Release|Any CPU
		{238DB32A-E347-4773-8AB7-D854BC593CA7}.Debug|Any CPU.ActiveCfg = Debug|Any CPU
		{238DB32A-E347-4773-8AB7-D854BC593CA7}.Debug|Any CPU.Build.0 = Debug|Any CPU
		{238DB32A-E347-4773-8AB7-D854BC593CA7}.Release|Any CPU.ActiveCfg = Release|Any CPU
		{238DB32A-E347-4773-8AB7-D854BC593CA7}.Release|Any CPU.Build.0 = Release|Any CPU
	EndGlobalSection
	GlobalSection(SolutionProperties) = preSolution
		HideSolutionNode = FALSE
	EndGlobalSection
	GlobalSection(ExtensibilityGlobals) = postSolution
		SolutionGuid = {80B2597D-FF3A-4800-B826-8F220A8CD446}
	EndGlobalSection
EndGlobal
