
Microsoft Visual Studio Solution File, Format Version 12.00
# Visual Studio Version 16
VisualStudioVersion = 16.0.31205.134
MinimumVisualStudioVersion = 10.0.40219.1
Project("{FAE04EC0-301F-11D3-BF4B-00C04F79EFBC}") = "01_HelloSoftUni", "01_HelloSoftUni\01_HelloSoftUni.csproj", "{34B08D62-223C-4924-8031-BDABF75B016A}"
EndProject
Project("{FAE04EC0-301F-11D3-BF4B-00C04F79EFBC}") = "02_NumbersFrom1To10", "02_NumbersFrom1To10\02_NumbersFrom1To10.csproj", "{C16A89A3-B465-48A7-A88E-A278EAA6D50F}"
EndProject
Project("{FAE04EC0-301F-11D3-BF4B-00C04F79EFBC}") = "03_SquareArea", "03_SquareArea\03_SquareArea.csproj", "{0AC01583-361C-4352-B2E9-AD568801DAA1}"
EndProject
Project("{FAE04EC0-301F-11D3-BF4B-00C04F79EFBC}") = "04_InchesToCentimeters", "04_InchesToCentimeters\04_InchesToCentimeters.csproj", "{08C3F68C-A70C-4B4B-94AD-3A2F74A44202}"
EndProject
Project("{FAE04EC0-301F-11D3-BF4B-00C04F79EFBC}") = "05_GreetingByName", "05_GreetingByName\05_GreetingByName.csproj", "{7B1AA24D-3525-4FC8-BCE1-54B97C70F974}"
EndProject
Project("{FAE04EC0-301F-11D3-BF4B-00C04F79EFBC}") = "06_ConcatenateData", "06_ConcatenateData\06_ConcatenateData.csproj", "{F2F421B8-4365-4716-B62F-4FF69533978D}"
EndProject
Project("{FAE04EC0-301F-11D3-BF4B-00C04F79EFBC}") = "07_ProjectsCreation", "07_ProjectsCreation\07_ProjectsCreation.csproj", "{50B4EF60-2E04-4911-A495-E77861D2E62D}"
EndProject
Project("{FAE04EC0-301F-11D3-BF4B-00C04F79EFBC}") = "08_PetShop", "08_PetShop\08_PetShop.csproj", "{FCB9C30A-BAE7-473C-A4D9-8C271A2CBF71}"
EndProject
Project("{FAE04EC0-301F-11D3-BF4B-00C04F79EFBC}") = "09_YardGreening", "09_YardGreening\09_YardGreening.csproj", "{BCBE4391-E68C-4887-B6E8-8F30A59E4566}"
EndProject
Global
	GlobalSection(SolutionConfigurationPlatforms) = preSolution
		Debug|Any CPU = Debug|Any CPU
		Release|Any CPU = Release|Any CPU
	EndGlobalSection
	GlobalSection(ProjectConfigurationPlatforms) = postSolution
		{34B08D62-223C-4924-8031-BDABF75B016A}.Debug|Any CPU.ActiveCfg = Debug|Any CPU
		{34B08D62-223C-4924-8031-BDABF75B016A}.Debug|Any CPU.Build.0 = Debug|Any CPU
		{34B08D62-223C-4924-8031-BDABF75B016A}.Release|Any CPU.ActiveCfg = Release|Any CPU
		{34B08D62-223C-4924-8031-BDABF75B016A}.Release|Any CPU.Build.0 = Release|Any CPU
		{C16A89A3-B465-48A7-A88E-A278EAA6D50F}.Debug|Any CPU.ActiveCfg = Debug|Any CPU
		{C16A89A3-B465-48A7-A88E-A278EAA6D50F}.Debug|Any CPU.Build.0 = Debug|Any CPU
		{C16A89A3-B465-48A7-A88E-A278EAA6D50F}.Release|Any CPU.ActiveCfg = Release|Any CPU
		{C16A89A3-B465-48A7-A88E-A278EAA6D50F}.Release|Any CPU.Build.0 = Release|Any CPU
		{0AC01583-361C-4352-B2E9-AD568801DAA1}.Debug|Any CPU.ActiveCfg = Debug|Any CPU
		{0AC01583-361C-4352-B2E9-AD568801DAA1}.Debug|Any CPU.Build.0 = Debug|Any CPU
		{0AC01583-361C-4352-B2E9-AD568801DAA1}.Release|Any CPU.ActiveCfg = Release|Any CPU
		{0AC01583-361C-4352-B2E9-AD568801DAA1}.Release|Any CPU.Build.0 = Release|Any CPU
		{08C3F68C-A70C-4B4B-94AD-3A2F74A44202}.Debug|Any CPU.ActiveCfg = Debug|Any CPU
		{08C3F68C-A70C-4B4B-94AD-3A2F74A44202}.Debug|Any CPU.Build.0 = Debug|Any CPU
		{08C3F68C-A70C-4B4B-94AD-3A2F74A44202}.Release|Any CPU.ActiveCfg = Release|Any CPU
		{08C3F68C-A70C-4B4B-94AD-3A2F74A44202}.Release|Any CPU.Build.0 = Release|Any CPU
		{7B1AA24D-3525-4FC8-BCE1-54B97C70F974}.Debug|Any CPU.ActiveCfg = Debug|Any CPU
		{7B1AA24D-3525-4FC8-BCE1-54B97C70F974}.Debug|Any CPU.Build.0 = Debug|Any CPU
		{7B1AA24D-3525-4FC8-BCE1-54B97C70F974}.Release|Any CPU.ActiveCfg = Release|Any CPU
		{7B1AA24D-3525-4FC8-BCE1-54B97C70F974}.Release|Any CPU.Build.0 = Release|Any CPU
		{F2F421B8-4365-4716-B62F-4FF69533978D}.Debug|Any CPU.ActiveCfg = Debug|Any CPU
		{F2F421B8-4365-4716-B62F-4FF69533978D}.Debug|Any CPU.Build.0 = Debug|Any CPU
		{F2F421B8-4365-4716-B62F-4FF69533978D}.Release|Any CPU.ActiveCfg = Release|Any CPU
		{F2F421B8-4365-4716-B62F-4FF69533978D}.Release|Any CPU.Build.0 = Release|Any CPU
		{50B4EF60-2E04-4911-A495-E77861D2E62D}.Debug|Any CPU.ActiveCfg = Debug|Any CPU
		{50B4EF60-2E04-4911-A495-E77861D2E62D}.Debug|Any CPU.Build.0 = Debug|Any CPU
		{50B4EF60-2E04-4911-A495-E77861D2E62D}.Release|Any CPU.ActiveCfg = Release|Any CPU
		{50B4EF60-2E04-4911-A495-E77861D2E62D}.Release|Any CPU.Build.0 = Release|Any CPU
		{FCB9C30A-BAE7-473C-A4D9-8C271A2CBF71}.Debug|Any CPU.ActiveCfg = Debug|Any CPU
		{FCB9C30A-BAE7-473C-A4D9-8C271A2CBF71}.Debug|Any CPU.Build.0 = Debug|Any CPU
		{FCB9C30A-BAE7-473C-A4D9-8C271A2CBF71}.Release|Any CPU.ActiveCfg = Release|Any CPU
		{FCB9C30A-BAE7-473C-A4D9-8C271A2CBF71}.Release|Any CPU.Build.0 = Release|Any CPU
		{BCBE4391-E68C-4887-B6E8-8F30A59E4566}.Debug|Any CPU.ActiveCfg = Debug|Any CPU
		{BCBE4391-E68C-4887-B6E8-8F30A59E4566}.Debug|Any CPU.Build.0 = Debug|Any CPU
		{BCBE4391-E68C-4887-B6E8-8F30A59E4566}.Release|Any CPU.ActiveCfg = Release|Any CPU
		{BCBE4391-E68C-4887-B6E8-8F30A59E4566}.Release|Any CPU.Build.0 = Release|Any CPU
	EndGlobalSection
	GlobalSection(SolutionProperties) = preSolution
		HideSolutionNode = FALSE
	EndGlobalSection
	GlobalSection(ExtensibilityGlobals) = postSolution
		SolutionGuid = {7A66368B-6526-431C-B18F-19BADC76E9D2}
	EndGlobalSection
EndGlobal
